{
  "version": 4,
  "terraform_version": "1.6.0",
  "serial": 57,
  "lineage": "7cf178d7-b5eb-6e36-9e54-2272a714c15d",
  "outputs": {
    "kubernetes_cluster_host": {
      "value": "35.188.113.95",
      "type": "string"
    },
    "kubernetes_cluster_name": {
      "value": "airflow-gke-data-bootcamp",
      "type": "string"
    },
    "location": {
      "value": "us-central1-c",
      "type": "string"
    },
    "project_id": {
      "value": "lexical-drake-399716",
      "type": "string"
    },
    "region": {
      "value": "us-central1",
      "type": "string"
    }
  },
  "resources": [
    {
      "module": "module.cloudsql",
      "mode": "managed",
      "type": "google_sql_database_instance",
      "name": "sql_instance",
      "provider": "provider[\"registry.terraform.io/hashicorp/google\"]",
      "instances": [
        {
          "schema_version": 0,
          "attributes": {
            "clone": [],
            "connection_name": "lexical-drake-399716:us-central1:deb-postgre-db",
            "database_version": "POSTGRES_15",
            "deletion_protection": true,
            "first_ip_address": "34.42.32.81",
            "id": "deb-postgre-db",
            "ip_address": [
              {
                "ip_address": "34.42.32.81",
                "time_to_retire": "",
                "type": "PRIMARY"
              },
              {
                "ip_address": "35.224.12.150",
                "time_to_retire": "",
                "type": "OUTGOING"
              }
            ],
            "master_instance_name": "",
            "name": "deb-postgre-db",
            "private_ip_address": "",
            "project": "lexical-drake-399716",
            "public_ip_address": "34.42.32.81",
            "region": "us-central1",
            "replica_configuration": [],
            "restore_backup_context": [],
            "root_password": null,
            "self_link": "https://sqladmin.googleapis.com/sql/v1beta4/projects/lexical-drake-399716/instances/deb-postgre-db",
            "server_ca_cert": [
              {
                "cert": "-----BEGIN CERTIFICATE-----\nMIIDfzCCAmegAwIBAgIBADANBgkqhkiG9w0BAQsFADB3MS0wKwYDVQQuEyQ1MjUx\nNjIzNS1lMTM4LTRjYjQtOWIzZi02MTVlOGIyMTAyOGExIzAhBgNVBAMTGkdvb2ds\nZSBDbG91ZCBTUUwgU2VydmVyIENBMRQwEgYDVQQKEwtHb29nbGUsIEluYzELMAkG\nA1UEBhMCVVMwHhcNMjMxMDExMTIwMzU1WhcNMzMxMDA4MTIwNDU1WjB3MS0wKwYD\nVQQuEyQ1MjUxNjIzNS1lMTM4LTRjYjQtOWIzZi02MTVlOGIyMTAyOGExIzAhBgNV\nBAMTGkdvb2dsZSBDbG91ZCBTUUwgU2VydmVyIENBMRQwEgYDVQQKEwtHb29nbGUs\nIEluYzELMAkGA1UEBhMCVVMwggEiMA0GCSqGSIb3DQEBAQUAA4IBDwAwggEKAoIB\nAQCvzhFzPF9mV9xbN2ClyKF6/FIOM58pYrhskkKe+xKGBxGFNFRpKt5M587OFfqJ\nfnJq7aHnFwY5Z+M7BNxnIIPGbTsa9FgdRIuz6Gxoc2mGPrr/AwH/4OWYErXjcwkH\njzeGbswbLPd4QVEDT5Lm2ZRPVqMvBezO7IhDc+bw8bNK3fUVF8sJOxfkd+bZONnr\nhEsebGwBIAM3xogmDV3qavWBfQ/yTqk2bs5KkCP1Ror2gqBPS7OLQ2LQx1zOulPa\n388ME0Y2uyXRXmReyI8CmbMk4frwp2YEJaRrIVSVUpJILbB5UZ1sMKJRwZYrS/vl\nt8gUKWUH9GDNVqgTty0RQLb7AgMBAAGjFjAUMBIGA1UdEwEB/wQIMAYBAf8CAQAw\nDQYJKoZIhvcNAQELBQADggEBAJauFJrcGbFUw0zSDJTX0Km610r6Ao/t2GpCcRxG\nXJgzWvsykwYBWOS/Nw6vLa7AidVxWJJiDlsT4WbQfUioH0rx5pLuJvWupdQE1uEv\nLsl8A1J6Mi4XEYMDqkvkWtq0yirzEkAeufskqCIaHmkagQtUnuN70BukkJog/5Wx\n8ivx0e2IAnAnlJQAKxAolyGt8qAP9gjujZcWumA/0oJnTCrCZMwYc9B3JXPQnXeg\nIbzl3z8EtvfgPKXt5HsYbX6PTB/gHd28o6ugrn/eiInmB/ujPaf1D/A+aL/V+C5q\n3FBLICDRKB6HX9rAF7bCwEIMTkCgk74+Hhaca/loo6ltkpg=\n-----END CERTIFICATE-----",
                "common_name": "C=US,O=Google\\, Inc,CN=Google Cloud SQL Server CA,dnQualifier=52516235-e138-4cb4-9b3f-615e8b21028a",
                "create_time": "2023-10-11T12:03:55.377Z",
                "expiration_time": "2033-10-08T12:04:55.377Z",
                "sha1_fingerprint": "a94ba5582442ba881fc1e8a9c3c07e0dcd4938fe"
              }
            ],
            "service_account_email_address": "p740128453184-gsl8xc@gcp-sa-cloud-sql.iam.gserviceaccount.com",
            "settings": [
              {
                "activation_policy": "ALWAYS",
                "authorized_gae_applications": [],
                "availability_type": "ZONAL",
                "backup_configuration": [
                  {
                    "backup_retention_settings": [
                      {
                        "retained_backups": 7,
                        "retention_unit": "COUNT"
                      }
                    ],
                    "binary_log_enabled": false,
                    "enabled": true,
                    "location": "us",
                    "point_in_time_recovery_enabled": true,
                    "start_time": "20:00",
                    "transaction_log_retention_days": 7
                  }
                ],
                "crash_safe_replication": false,
                "database_flags": [],
                "disk_autoresize": true,
                "disk_autoresize_limit": 0,
                "disk_size": 10,
                "disk_type": "PD_SSD",
                "insights_config": [
                  {
                    "query_insights_enabled": false,
                    "query_string_length": 0,
                    "record_application_tags": false,
                    "record_client_address": false
                  }
                ],
                "ip_configuration": [
                  {
                    "authorized_networks": [],
                    "ipv4_enabled": true,
                    "private_network": "",
                    "require_ssl": false
                  }
                ],
                "location_preference": [
                  {
                    "follow_gae_application": "",
                    "zone": "us-central1-c"
                  }
                ],
                "maintenance_window": [
                  {
                    "day": 0,
                    "hour": 0,
                    "update_track": ""
                  }
                ],
                "pricing_plan": "PER_USE",
                "replication_type": "SYNCHRONOUS",
                "tier": "db-custom-2-8192",
                "user_labels": {},
                "version": 1
              }
            ],
            "timeouts": {
              "create": null,
              "delete": null,
              "update": null
            }
          },
          "sensitive_attributes": [],
          "private": "eyJlMmJmYjczMC1lY2FhLTExZTYtOGY4OC0zNDM2M2JjN2M0YzAiOnsiY3JlYXRlIjoxODAwMDAwMDAwMDAwLCJkZWxldGUiOjE4MDAwMDAwMDAwMDAsInVwZGF0ZSI6MTgwMDAwMDAwMDAwMH0sInNjaGVtYV92ZXJzaW9uIjoiMCJ9"
        }
      ]
    },
    {
      "module": "module.gke",
      "mode": "managed",
      "type": "google_container_cluster",
      "name": "primary",
      "provider": "provider[\"registry.terraform.io/hashicorp/google\"]",
      "instances": [
        {
          "schema_version": 1,
          "attributes": {
            "addons_config": [
              {
                "cloudrun_config": [],
                "horizontal_pod_autoscaling": [],
                "http_load_balancing": [],
                "network_policy_config": [
                  {
                    "disabled": true
                  }
                ]
              }
            ],
            "authenticator_groups_config": [],
            "cluster_autoscaling": [
              {
                "auto_provisioning_defaults": [],
                "enabled": false,
                "resource_limits": []
              }
            ],
            "cluster_ipv4_cidr": "10.76.0.0/14",
            "database_encryption": [
              {
                "key_name": "",
                "state": "DECRYPTED"
              }
            ],
            "datapath_provider": "",
            "default_max_pods_per_node": 110,
            "default_snat_status": [
              {
                "disabled": false
              }
            ],
            "description": "",
            "enable_autopilot": false,
            "enable_binary_authorization": false,
            "enable_intranode_visibility": false,
            "enable_kubernetes_alpha": false,
            "enable_legacy_abac": false,
            "enable_shielded_nodes": false,
            "enable_tpu": false,
            "endpoint": "35.188.113.95",
            "id": "projects/lexical-drake-399716/locations/us-central1-c/clusters/airflow-gke-data-bootcamp",
            "initial_node_count": 1,
            "instance_group_urls": [],
            "ip_allocation_policy": [
              {
                "cluster_ipv4_cidr_block": "10.76.0.0/14",
                "cluster_secondary_range_name": "gke-airflow-gke-data-bootcamp-pods-3c5a5680",
                "services_ipv4_cidr_block": "10.80.0.0/20",
                "services_secondary_range_name": "gke-airflow-gke-data-bootcamp-services-3c5a5680"
              }
            ],
            "label_fingerprint": "a9dc16a7",
            "location": "us-central1-c",
            "logging_service": "logging.googleapis.com/kubernetes",
            "maintenance_policy": [],
            "master_auth": [
              {
                "client_certificate": "",
                "client_certificate_config": [
                  {
                    "issue_client_certificate": false
                  }
                ],
                "client_key": "",
                "cluster_ca_certificate": "LS0tLS1CRUdJTiBDRVJUSUZJQ0FURS0tLS0tCk1JSUVMRENDQXBTZ0F3SUJBZ0lRRldOeTlqZk0vZWdWcDVsaU9qRzE3REFOQmdrcWhraUc5dzBCQVFzRkFEQXYKTVMwd0t3WURWUVFERXlRMlpHTXdNbUl6TmkxbU9XSmpMVFJpTm1JdFlXTTJZUzAxWlRZM1pXTm1ZelkyTVRVdwpJQmNOTWpNeE1ERXhNVEV6TVRNMVdoZ1BNakExTXpFd01ETXhNak14TXpWYU1DOHhMVEFyQmdOVkJBTVRKRFprCll6QXlZak0yTFdZNVltTXROR0kyWWkxaFl6WmhMVFZsTmpkbFkyWmpOall4TlRDQ0FhSXdEUVlKS29aSWh2Y04KQVFFQkJRQURnZ0dQQURDQ0FZb0NnZ0dCQUxXV3p5YVFUN3RQYm9wcHBIVmNJYVlzcW5sNmRnRFo5Zll6UVZUTgpvSng0VXFwMytSVnFDN2xXTDBjWW1zVjlNNkpkUzVBQ1lrc0wwSG1JdmxRYks0Vjc3OWRIY1kvSkU3TFVIUTdyCjFoSzhRZWpGbVZjQmY5QldRbnVUVkNQVTBNcnQyOUd4SUFwa1VTekJjQ29FU2NEU3ROVFV3cStWWlJwWTIvY3QKQXd6TUpuajZwM3o5TmszSlBDMUY1ZEVrMS81YWRnWWEwdm9KQlpNdVBSL3dIRXlFbWlBK085cFhibXArTUhzbgpOTUE1SHorSytrOTdRbHJML0RDRzMvSWRaNkt3U3lqbXVNZEhEUTNtMmpIOTZjVkVyeVZFN3EwSFBmQjR2SVh1CnoybVpvU1pEMU1ITGNxd0N4dmRTWHo5WHc0RHZHUmNCcnQ3dGR0UXBXemZyL0Z3MkI4Z3VqeVoxSjIvbWx3NkUKZ0tlQjdoQ0JkdzR4TGpjZ2hHc29rUEtBTXhtRVZtdFprYXJlYXdYbjVGZnNac1JveWprNTRGN1dRRnc5UXdmbQpIK2x2ejJpazZtb0RVTVVWVll4MS9QcEFTWXdFZFNiVlByaFQ2Y3ZndFJLRTNzTGtFUUl1UWsvdXQ0RjZPaTVsCm1vQTgxcmI1d1BraThKRDU4cldSS0lGSFlRSURBUUFCbzBJd1FEQU9CZ05WSFE4QkFmOEVCQU1DQWdRd0R3WUQKVlIwVEFRSC9CQVV3QXdFQi96QWRCZ05WSFE0RUZnUVVMRTlFWXpScjA1ZmN6THNwKzdpN2dTcnhZNDB3RFFZSgpLb1pJaHZjTkFRRUxCUUFEZ2dHQkFCSENkYk1ueDZYcURTRm5hcmduKzlzTlBwSU9qb2RweVAwcUduMWRVMWlyCnpTNFR3YlJ6Q1pVWUdDTjRIdWlydHhQckY1N2EwamVWc3lKWGxHNkFxSG9RTEU0ZDNwLzhTQjFhaUFFWGZpdkQKSjQ0Z3hCZkpOVmlHek1uQVJlYndENmdtSGxMT0FUL3RvK1U3azJncWxXT0syV3dyeXdKRnFkaUlLTnVUKytFRwpmUW5jbk5ja3d6MGx6V0dNVEcvcmFIMVdPTE1MRTVac1ovdC9SRzQzK1pkUWd5aXNSR2tsa2p3Z2F5bEh4alVFCjZmRFBxcmF5MkgzemRjWUlRVmgwR252S3VWRlI1aHFwZTRBMEc3V1VCQmR1L3hTV2NLdFBKY2hmU0pMVlNBbG4KSXRoaFpnUVd1Y1V6d1pJcUw0THJaNHduS3R2cVF6VmVVOFNFODExT0tNb3ljZUVCeWFDVkpkRzZKb3gxOG83NwpNZ2JNZDR1NGZQcWsvV1FIajdYOEN4cUYwd0dnSkpBL2FOUndlRmlOZGRMQmFvQ0ZwMlJ4c3Z0L21tT2JCQWg0Ck81MEVtUncyaDlaUk14U1FISUlHQTZiMDc4SHB6dnR0c3pidXJoQ0t3UjJoVW9BeXlRZWRKZWR4QmxrcWcybFMKRXVyUjVJQWZNSHl5bmFqckVNbi8ydz09Ci0tLS0tRU5EIENFUlRJRklDQVRFLS0tLS0K",
                "password": "",
                "username": ""
              }
            ],
            "master_authorized_networks_config": [],
            "master_version": "1.27.3-gke.100",
            "min_master_version": null,
            "monitoring_service": "monitoring.googleapis.com/kubernetes",
            "name": "airflow-gke-data-bootcamp",
            "network": "projects/lexical-drake-399716/global/networks/lexical-drake-399716-vpc",
            "network_policy": [
              {
                "enabled": false,
                "provider": "PROVIDER_UNSPECIFIED"
              }
            ],
            "networking_mode": "VPC_NATIVE",
            "node_config": [],
            "node_locations": [],
            "node_pool": [],
            "node_version": "1.27.3-gke.100",
            "operation": null,
            "pod_security_policy_config": [],
            "private_cluster_config": [
              {
                "enable_private_endpoint": false,
                "enable_private_nodes": false,
                "master_global_access_config": [
                  {
                    "enabled": false
                  }
                ],
                "master_ipv4_cidr_block": "",
                "peering_name": "",
                "private_endpoint": "10.0.1.2",
                "public_endpoint": "35.188.113.95"
              }
            ],
            "private_ipv6_google_access": "",
            "project": "lexical-drake-399716",
            "release_channel": [
              {
                "channel": "REGULAR"
              }
            ],
            "remove_default_node_pool": true,
            "resource_labels": null,
            "resource_usage_export_config": [],
            "self_link": "https://container.googleapis.com/v1beta1/projects/lexical-drake-399716/zones/us-central1-c/clusters/airflow-gke-data-bootcamp",
            "services_ipv4_cidr": "10.80.0.0/20",
            "subnetwork": "projects/lexical-drake-399716/regions/us-central1/subnetworks/private-0-private-subnet",
            "timeouts": null,
            "tpu_ipv4_cidr_block": "",
            "vertical_pod_autoscaling": [],
            "workload_identity_config": []
          },
          "sensitive_attributes": [],
          "private": "eyJlMmJmYjczMC1lY2FhLTExZTYtOGY4OC0zNDM2M2JjN2M0YzAiOnsiY3JlYXRlIjoyNDAwMDAwMDAwMDAwLCJkZWxldGUiOjI0MDAwMDAwMDAwMDAsInJlYWQiOjI0MDAwMDAwMDAwMDAsInVwZGF0ZSI6MzYwMDAwMDAwMDAwMH0sInNjaGVtYV92ZXJzaW9uIjoiMSJ9",
          "dependencies": [
            "module.vpc.google_compute_network.main-vpc",
            "module.vpc.google_compute_subnetwork.private_subnets"
          ]
        }
      ]
    },
    {
      "module": "module.gke",
      "mode": "managed",
      "type": "google_container_node_pool",
      "name": "primary_nodes",
      "provider": "provider[\"registry.terraform.io/hashicorp/google\"]",
      "instances": [
        {
          "schema_version": 1,
          "attributes": {
            "autoscaling": [],
            "cluster": "airflow-gke-data-bootcamp",
            "id": "projects/lexical-drake-399716/locations/us-central1-c/clusters/airflow-gke-data-bootcamp/nodePools/airflow-gke-data-bootcamp-node-pool",
            "initial_node_count": 2,
            "instance_group_urls": [
              "https://www.googleapis.com/compute/v1/projects/lexical-drake-399716/zones/us-central1-c/instanceGroupManagers/gke-airflow-gke-data-airflow-gke-data-428674f5-grp"
            ],
            "location": "us-central1-c",
            "management": [
              {
                "auto_repair": true,
                "auto_upgrade": true
              }
            ],
            "max_pods_per_node": 110,
            "name": "airflow-gke-data-bootcamp-node-pool",
            "name_prefix": "",
            "node_config": [
              {
                "disk_size_gb": 100,
                "disk_type": "pd-balanced",
                "guest_accelerator": [],
                "image_type": "COS_CONTAINERD",
                "labels": {
                  "env": "lexical-drake-399716"
                },
                "local_ssd_count": 0,
                "machine_type": "n1-standard-2",
                "metadata": {
                  "disable-legacy-endpoints": "true"
                },
                "min_cpu_platform": "",
                "oauth_scopes": [
                  "https://www.googleapis.com/auth/logging.write",
                  "https://www.googleapis.com/auth/monitoring"
                ],
                "preemptible": false,
                "service_account": "default",
                "shielded_instance_config": [
                  {
                    "enable_integrity_monitoring": true,
                    "enable_secure_boot": false
                  }
                ],
                "tags": [
                  "gke-node",
                  "lexical-drake-399716-gke"
                ],
                "taint": [],
                "workload_metadata_config": []
              }
            ],
            "node_count": 2,
            "node_locations": [
              "us-central1-c"
            ],
            "operation": null,
            "project": "lexical-drake-399716",
            "timeouts": null,
            "upgrade_settings": [
              {
                "max_surge": 1,
                "max_unavailable": 0
              }
            ],
            "version": "1.27.3-gke.100"
          },
          "sensitive_attributes": [],
          "private": "eyJlMmJmYjczMC1lY2FhLTExZTYtOGY4OC0zNDM2M2JjN2M0YzAiOnsiY3JlYXRlIjoxODAwMDAwMDAwMDAwLCJkZWxldGUiOjE4MDAwMDAwMDAwMDAsInVwZGF0ZSI6MTgwMDAwMDAwMDAwMH0sInNjaGVtYV92ZXJzaW9uIjoiMSJ9",
          "dependencies": [
            "module.gke.google_container_cluster.primary",
            "module.vpc.google_compute_network.main-vpc",
            "module.vpc.google_compute_subnetwork.private_subnets"
          ]
        }
      ]
    },
    {
      "module": "module.vpc",
      "mode": "managed",
      "type": "google_compute_network",
      "name": "main-vpc",
      "provider": "provider[\"registry.terraform.io/hashicorp/google\"]",
      "instances": [
        {
          "schema_version": 0,
          "attributes": {
            "auto_create_subnetworks": false,
            "delete_default_routes_on_create": false,
            "description": "",
            "gateway_ipv4": "",
            "id": "projects/lexical-drake-399716/global/networks/lexical-drake-399716-vpc",
            "mtu": 0,
            "name": "lexical-drake-399716-vpc",
            "project": "lexical-drake-399716",
            "routing_mode": "REGIONAL",
            "self_link": "https://www.googleapis.com/compute/v1/projects/lexical-drake-399716/global/networks/lexical-drake-399716-vpc",
            "timeouts": null
          },
          "sensitive_attributes": [],
          "private": "eyJlMmJmYjczMC1lY2FhLTExZTYtOGY4OC0zNDM2M2JjN2M0YzAiOnsiY3JlYXRlIjoyNDAwMDAwMDAwMDAsImRlbGV0ZSI6MjQwMDAwMDAwMDAwLCJ1cGRhdGUiOjI0MDAwMDAwMDAwMH19"
        }
      ]
    },
    {
      "module": "module.vpc",
      "mode": "managed",
      "type": "google_compute_subnetwork",
      "name": "private_subnets",
      "provider": "provider[\"registry.terraform.io/hashicorp/google\"]",
      "instances": [
        {
          "index_key": 0,
          "schema_version": 0,
          "attributes": {
            "creation_timestamp": "2023-10-11T05:30:55.242-07:00",
            "description": "",
            "fingerprint": null,
            "gateway_address": "10.0.1.1",
            "id": "projects/lexical-drake-399716/regions/us-central1/subnetworks/private-0-private-subnet",
            "ip_cidr_range": "10.0.1.0/24",
            "log_config": [],
            "name": "private-0-private-subnet",
            "network": "https://www.googleapis.com/compute/v1/projects/lexical-drake-399716/global/networks/lexical-drake-399716-vpc",
            "private_ip_google_access": false,
            "private_ipv6_google_access": "DISABLE_GOOGLE_ACCESS",
            "project": "lexical-drake-399716",
            "region": "us-central1",
            "secondary_ip_range": [],
            "self_link": "https://www.googleapis.com/compute/v1/projects/lexical-drake-399716/regions/us-central1/subnetworks/private-0-private-subnet",
            "timeouts": null
          },
          "sensitive_attributes": [],
          "private": "eyJlMmJmYjczMC1lY2FhLTExZTYtOGY4OC0zNDM2M2JjN2M0YzAiOnsiY3JlYXRlIjozNjAwMDAwMDAwMDAsImRlbGV0ZSI6MzYwMDAwMDAwMDAwLCJ1cGRhdGUiOjM2MDAwMDAwMDAwMH19",
          "dependencies": [
            "module.vpc.google_compute_network.main-vpc"
          ]
        },
        {
          "index_key": 1,
          "schema_version": 0,
          "attributes": {
            "creation_timestamp": "2023-10-11T05:30:55.335-07:00",
            "description": "",
            "fingerprint": null,
            "gateway_address": "10.0.2.1",
            "id": "projects/lexical-drake-399716/regions/us-central1/subnetworks/private-1-private-subnet",
            "ip_cidr_range": "10.0.2.0/24",
            "log_config": [],
            "name": "private-1-private-subnet",
            "network": "https://www.googleapis.com/compute/v1/projects/lexical-drake-399716/global/networks/lexical-drake-399716-vpc",
            "private_ip_google_access": false,
            "private_ipv6_google_access": "DISABLE_GOOGLE_ACCESS",
            "project": "lexical-drake-399716",
            "region": "us-central1",
            "secondary_ip_range": [],
            "self_link": "https://www.googleapis.com/compute/v1/projects/lexical-drake-399716/regions/us-central1/subnetworks/private-1-private-subnet",
            "timeouts": null
          },
          "sensitive_attributes": [],
          "private": "eyJlMmJmYjczMC1lY2FhLTExZTYtOGY4OC0zNDM2M2JjN2M0YzAiOnsiY3JlYXRlIjozNjAwMDAwMDAwMDAsImRlbGV0ZSI6MzYwMDAwMDAwMDAwLCJ1cGRhdGUiOjM2MDAwMDAwMDAwMH19",
          "dependencies": [
            "module.vpc.google_compute_network.main-vpc"
          ]
        },
        {
          "index_key": 2,
          "schema_version": 0,
          "attributes": {
            "creation_timestamp": "2023-10-11T05:30:54.519-07:00",
            "description": "",
            "fingerprint": null,
            "gateway_address": "10.0.3.1",
            "id": "projects/lexical-drake-399716/regions/us-central1/subnetworks/private-2-private-subnet",
            "ip_cidr_range": "10.0.3.0/24",
            "log_config": [],
            "name": "private-2-private-subnet",
            "network": "https://www.googleapis.com/compute/v1/projects/lexical-drake-399716/global/networks/lexical-drake-399716-vpc",
            "private_ip_google_access": false,
            "private_ipv6_google_access": "DISABLE_GOOGLE_ACCESS",
            "project": "lexical-drake-399716",
            "region": "us-central1",
            "secondary_ip_range": [],
            "self_link": "https://www.googleapis.com/compute/v1/projects/lexical-drake-399716/regions/us-central1/subnetworks/private-2-private-subnet",
            "timeouts": null
          },
          "sensitive_attributes": [],
          "private": "eyJlMmJmYjczMC1lY2FhLTExZTYtOGY4OC0zNDM2M2JjN2M0YzAiOnsiY3JlYXRlIjozNjAwMDAwMDAwMDAsImRlbGV0ZSI6MzYwMDAwMDAwMDAwLCJ1cGRhdGUiOjM2MDAwMDAwMDAwMH19",
          "dependencies": [
            "module.vpc.google_compute_network.main-vpc"
          ]
        }
      ]
    },
    {
      "module": "module.vpc",
      "mode": "managed",
      "type": "google_compute_subnetwork",
      "name": "public_subnets",
      "provider": "provider[\"registry.terraform.io/hashicorp/google\"]",
      "instances": [
        {
          "index_key": 0,
          "schema_version": 0,
          "attributes": {
            "creation_timestamp": "2023-10-11T05:30:55.560-07:00",
            "description": "",
            "fingerprint": null,
            "gateway_address": "10.0.4.1",
            "id": "projects/lexical-drake-399716/regions/us-central1/subnetworks/public-0-public-subnet",
            "ip_cidr_range": "10.0.4.0/24",
            "log_config": [],
            "name": "public-0-public-subnet",
            "network": "https://www.googleapis.com/compute/v1/projects/lexical-drake-399716/global/networks/lexical-drake-399716-vpc",
            "private_ip_google_access": false,
            "private_ipv6_google_access": "DISABLE_GOOGLE_ACCESS",
            "project": "lexical-drake-399716",
            "region": "us-central1",
            "secondary_ip_range": [],
            "self_link": "https://www.googleapis.com/compute/v1/projects/lexical-drake-399716/regions/us-central1/subnetworks/public-0-public-subnet",
            "timeouts": null
          },
          "sensitive_attributes": [],
          "private": "eyJlMmJmYjczMC1lY2FhLTExZTYtOGY4OC0zNDM2M2JjN2M0YzAiOnsiY3JlYXRlIjozNjAwMDAwMDAwMDAsImRlbGV0ZSI6MzYwMDAwMDAwMDAwLCJ1cGRhdGUiOjM2MDAwMDAwMDAwMH19",
          "dependencies": [
            "module.vpc.google_compute_network.main-vpc"
          ]
        },
        {
          "index_key": 1,
          "schema_version": 0,
          "attributes": {
            "creation_timestamp": "2023-10-11T05:30:54.415-07:00",
            "description": "",
            "fingerprint": null,
            "gateway_address": "10.0.5.1",
            "id": "projects/lexical-drake-399716/regions/us-central1/subnetworks/public-1-public-subnet",
            "ip_cidr_range": "10.0.5.0/24",
            "log_config": [],
            "name": "public-1-public-subnet",
            "network": "https://www.googleapis.com/compute/v1/projects/lexical-drake-399716/global/networks/lexical-drake-399716-vpc",
            "private_ip_google_access": false,
            "private_ipv6_google_access": "DISABLE_GOOGLE_ACCESS",
            "project": "lexical-drake-399716",
            "region": "us-central1",
            "secondary_ip_range": [],
            "self_link": "https://www.googleapis.com/compute/v1/projects/lexical-drake-399716/regions/us-central1/subnetworks/public-1-public-subnet",
            "timeouts": null
          },
          "sensitive_attributes": [],
          "private": "eyJlMmJmYjczMC1lY2FhLTExZTYtOGY4OC0zNDM2M2JjN2M0YzAiOnsiY3JlYXRlIjozNjAwMDAwMDAwMDAsImRlbGV0ZSI6MzYwMDAwMDAwMDAwLCJ1cGRhdGUiOjM2MDAwMDAwMDAwMH19",
          "dependencies": [
            "module.vpc.google_compute_network.main-vpc"
          ]
        },
        {
          "index_key": 2,
          "schema_version": 0,
          "attributes": {
            "creation_timestamp": "2023-10-11T05:30:54.531-07:00",
            "description": "",
            "fingerprint": null,
            "gateway_address": "10.0.6.1",
            "id": "projects/lexical-drake-399716/regions/us-central1/subnetworks/public-2-public-subnet",
            "ip_cidr_range": "10.0.6.0/24",
            "log_config": [],
            "name": "public-2-public-subnet",
            "network": "https://www.googleapis.com/compute/v1/projects/lexical-drake-399716/global/networks/lexical-drake-399716-vpc",
            "private_ip_google_access": false,
            "private_ipv6_google_access": "DISABLE_GOOGLE_ACCESS",
            "project": "lexical-drake-399716",
            "region": "us-central1",
            "secondary_ip_range": [],
            "self_link": "https://www.googleapis.com/compute/v1/projects/lexical-drake-399716/regions/us-central1/subnetworks/public-2-public-subnet",
            "timeouts": null
          },
          "sensitive_attributes": [],
          "private": "eyJlMmJmYjczMC1lY2FhLTExZTYtOGY4OC0zNDM2M2JjN2M0YzAiOnsiY3JlYXRlIjozNjAwMDAwMDAwMDAsImRlbGV0ZSI6MzYwMDAwMDAwMDAwLCJ1cGRhdGUiOjM2MDAwMDAwMDAwMH19",
          "dependencies": [
            "module.vpc.google_compute_network.main-vpc"
          ]
        }
      ]
    }
  ],
  "check_results": null
}
