{
  "version": 4,
  "terraform_version": "1.6.0",
  "serial": 35,
  "lineage": "7cf178d7-b5eb-6e36-9e54-2272a714c15d",
  "outputs": {
    "kubernetes_cluster_host": {
      "value": "35.237.216.69",
      "type": "string"
    },
    "kubernetes_cluster_name": {
      "value": "airflow-gke-data-bootcamp",
      "type": "string"
    },
    "location": {
      "value": "us-east1-b",
      "type": "string"
    },
    "project_id": {
      "value": "lexical-drake-399716",
      "type": "string"
    },
    "region": {
      "value": "us-east1",
      "type": "string"
    }
  },
  "resources": [
    {
      "module": "module.gke",
      "mode": "managed",
      "type": "google_container_cluster",
      "name": "primary",
      "provider": "provider[\"registry.terraform.io/hashicorp/google\"]",
      "instances": [
        {
          "schema_version": 1,
          "attributes": {
            "addons_config": [
              {
                "cloudrun_config": [],
                "horizontal_pod_autoscaling": [],
                "http_load_balancing": [],
                "network_policy_config": [
                  {
                    "disabled": true
                  }
                ]
              }
            ],
            "authenticator_groups_config": [],
            "cluster_autoscaling": [
              {
                "auto_provisioning_defaults": [],
                "enabled": false,
                "resource_limits": []
              }
            ],
            "cluster_ipv4_cidr": "10.4.0.0/14",
            "database_encryption": [
              {
                "key_name": "",
                "state": "DECRYPTED"
              }
            ],
            "datapath_provider": "",
            "default_max_pods_per_node": 110,
            "default_snat_status": [
              {
                "disabled": false
              }
            ],
            "description": "",
            "enable_autopilot": false,
            "enable_binary_authorization": false,
            "enable_intranode_visibility": false,
            "enable_kubernetes_alpha": false,
            "enable_legacy_abac": false,
            "enable_shielded_nodes": false,
            "enable_tpu": false,
            "endpoint": "35.237.216.69",
            "id": "projects/lexical-drake-399716/locations/us-east1-b/clusters/airflow-gke-data-bootcamp",
            "initial_node_count": 1,
            "instance_group_urls": [],
            "ip_allocation_policy": [
              {
                "cluster_ipv4_cidr_block": "10.4.0.0/14",
                "cluster_secondary_range_name": "gke-airflow-gke-data-bootcamp-pods-46b4d580",
                "services_ipv4_cidr_block": "10.8.0.0/20",
                "services_secondary_range_name": "gke-airflow-gke-data-bootcamp-services-46b4d580"
              }
            ],
            "label_fingerprint": "a9dc16a7",
            "location": "us-east1-b",
            "logging_service": "logging.googleapis.com/kubernetes",
            "maintenance_policy": [],
            "master_auth": [
              {
                "client_certificate": "",
                "client_certificate_config": [
                  {
                    "issue_client_certificate": false
                  }
                ],
                "client_key": "",
                "cluster_ca_certificate": "LS0tLS1CRUdJTiBDRVJUSUZJQ0FURS0tLS0tCk1JSUVMVENDQXBXZ0F3SUJBZ0lSQUtLeFlxS3JDUlpwRTluS0twVFVudGt3RFFZSktvWklodmNOQVFFTEJRQXcKTHpFdE1Dc0dBMVVFQXhNa09UVTVPVEpoWkdVdE5HWmpOaTAwWVRGakxXSmlNREl0T1Rnd05qQmtNR1prWVRRNApNQ0FYRFRJek1UQXhNREl3TlRRME9Gb1lEekl3TlRNeE1EQXlNakUxTkRRNFdqQXZNUzB3S3dZRFZRUURFeVE1Ck5UazVNbUZrWlMwMFptTTJMVFJoTVdNdFltSXdNaTA1T0RBMk1HUXdabVJoTkRnd2dnR2lNQTBHQ1NxR1NJYjMKRFFFQkFRVUFBNElCandBd2dnR0tBb0lCZ1FEWjBqZm9kaGMxWGk2QlFUZktiSFRzK3lWWjlGa01RRHBLNHMrNwo4TkVLWEQ5aThXSkh5RUVmRmFacmtFMHVPMVpYR0gwUG9GM3VOOXJtaS9KTGxXVFVFSmErQTc0Z0IycmJib1hrCi9WWlhiNVF1ZnZaVWpFUWZVVDBWRVVXdm5vb0VOUUF2ZlJ0RXdFcS9VYlhQSjVyQktFMGZaMUo0VUR0RVFTS00KMmhHSmR1aWVTcytoM3N0WitncjRYQVZEUmFuSkNsKzlZRlkxa2xDb05Bclh6a2tSVXp4VzZpdzhpVUYwMUU4RgowS3E1dU82UzErQ1VVSzlKMy9sVC84UVgzSDRuU00weUlwNFJyWHhPRHE0citEaUthTUdUL1FMd2J0T1BBTjZyCnFiUkNJenRsQlBKWkE5K3ZwMGkwTkpGU1d2Q3d2bUErQXJJbGVjQ0FmZTYzb0tWakZYa3ZMNUxSYXY1amloa2UKMFp1RVVONm9oM2RtQi9JT3k0YVg0bExpZzRwZVpaeXJNaUQzQm9FZ0RTbUJJTy9CTWU1cUE3UWdOYmdxcU1zYQpiQUVoNFROWVZTTnJBSUV1NzZwaCt2MEJiSEV1MElzVGFsZHIwcFN4WDZtRzV2dzAwd2FEb1hvdWQvNFhxK2NiCkx0NzFlc3FUWTF5bTFPRXY3Y0JLZXdGdTQ3VUNBd0VBQWFOQ01FQXdEZ1lEVlIwUEFRSC9CQVFEQWdJRU1BOEcKQTFVZEV3RUIvd1FGTUFNQkFmOHdIUVlEVlIwT0JCWUVGRUF0cnBUUnB0eWNSSnZDT2MxcFZ4N0JUQTVITUEwRwpDU3FHU0liM0RRRUJDd1VBQTRJQmdRQkJSS253ejQzN0JaQk1oYThUMUFUTUtXUnAzaWtjMFN6QStCS2pmbmVjCmJ0cStyOElZZG91YTRhZW9oVTJ5OXJibkZCMnUvcHpKdjFVcUZ2MW82WktsZnBmOGFQem9PN3hOMmhPeEtqaTQKYmZGSHFUbDhJTWpQSFNYMTIzcEdZeFN4K1pSa0xuc1RmY3hScVRSUjJzNkw1YXNCVEQ4YmZxVFpJOXBXekNwWQpTa1B5azBObTBwV3lXWkRpWUdaWDl6TlprdUlIcG4vb21oQnlOTUNsMTd5Q29XM1o1UUlOM1FrVGFmMjFGaE0yCi8zYko4ZzFUckhGQ1FpKzlhRFo2QnFUTGZkVkhPNHBlVkJhNm9vbDRwNjR1TVBNL1B2OFV5Z1ZtMHdPckVFNmkKb1Fja1NXaTV6Nkl2K3N2VjU5bVE1WlBXdTFNK2lvNzUvRmF6Q2FZMjYxNXpyMjNUQ2J5d3VPME5VbEtObWhqdwppbTZpblZmME5zSWI2ODl6cDVhZnZVUldGb0prQVpJeXREZHJ3T3pVdUZ0WXpCdEJ4dDhRYVJnWm5NbTl1d0xrCnljZ2JhNThNNU5KdFNtUlh2SnQ4TDUwOHRiT3UyRTRPeGJnWmNqcHNFT1hmREdPRTJ4K3ZMc3FjVEEyT0xUTkwKdlFHTUNPeGJuUGxrbmcvRjJtMzNCUDg9Ci0tLS0tRU5EIENFUlRJRklDQVRFLS0tLS0K",
                "password": "",
                "username": ""
              }
            ],
            "master_authorized_networks_config": [],
            "master_version": "1.27.3-gke.100",
            "min_master_version": null,
            "monitoring_service": "monitoring.googleapis.com/kubernetes",
            "name": "airflow-gke-data-bootcamp",
            "network": "projects/lexical-drake-399716/global/networks/lexical-drake-399716-vpc",
            "network_policy": [
              {
                "enabled": false,
                "provider": "PROVIDER_UNSPECIFIED"
              }
            ],
            "networking_mode": "VPC_NATIVE",
            "node_config": [],
            "node_locations": [],
            "node_pool": [],
            "node_version": "1.27.3-gke.100",
            "operation": null,
            "pod_security_policy_config": [],
            "private_cluster_config": [
              {
                "enable_private_endpoint": false,
                "enable_private_nodes": false,
                "master_global_access_config": [
                  {
                    "enabled": false
                  }
                ],
                "master_ipv4_cidr_block": "",
                "peering_name": "",
                "private_endpoint": "10.0.1.2",
                "public_endpoint": "35.237.216.69"
              }
            ],
            "private_ipv6_google_access": "",
            "project": "lexical-drake-399716",
            "release_channel": [
              {
                "channel": "REGULAR"
              }
            ],
            "remove_default_node_pool": true,
            "resource_labels": null,
            "resource_usage_export_config": [],
            "self_link": "https://container.googleapis.com/v1beta1/projects/lexical-drake-399716/zones/us-east1-b/clusters/airflow-gke-data-bootcamp",
            "services_ipv4_cidr": "10.8.0.0/20",
            "subnetwork": "projects/lexical-drake-399716/regions/us-east1/subnetworks/private-0-private-subnet",
            "timeouts": null,
            "tpu_ipv4_cidr_block": "",
            "vertical_pod_autoscaling": [],
            "workload_identity_config": []
          },
          "sensitive_attributes": [],
          "private": "eyJlMmJmYjczMC1lY2FhLTExZTYtOGY4OC0zNDM2M2JjN2M0YzAiOnsiY3JlYXRlIjoyNDAwMDAwMDAwMDAwLCJkZWxldGUiOjI0MDAwMDAwMDAwMDAsInJlYWQiOjI0MDAwMDAwMDAwMDAsInVwZGF0ZSI6MzYwMDAwMDAwMDAwMH0sInNjaGVtYV92ZXJzaW9uIjoiMSJ9",
          "dependencies": [
            "module.vpc.google_compute_network.main-vpc",
            "module.vpc.google_compute_subnetwork.private_subnets"
          ]
        }
      ]
    },
    {
      "module": "module.gke",
      "mode": "managed",
      "type": "google_container_node_pool",
      "name": "primary_nodes",
      "provider": "provider[\"registry.terraform.io/hashicorp/google\"]",
      "instances": [
        {
          "schema_version": 1,
          "attributes": {
            "autoscaling": [],
            "cluster": "airflow-gke-data-bootcamp",
            "id": "projects/lexical-drake-399716/locations/us-east1-b/clusters/airflow-gke-data-bootcamp/nodePools/airflow-gke-data-bootcamp-node-pool",
            "initial_node_count": 2,
            "instance_group_urls": [
              "https://www.googleapis.com/compute/v1/projects/lexical-drake-399716/zones/us-east1-b/instanceGroupManagers/gke-airflow-gke-data-airflow-gke-data-de798be0-grp"
            ],
            "location": "us-east1-b",
            "management": [
              {
                "auto_repair": true,
                "auto_upgrade": true
              }
            ],
            "max_pods_per_node": 110,
            "name": "airflow-gke-data-bootcamp-node-pool",
            "name_prefix": "",
            "node_config": [
              {
                "disk_size_gb": 100,
                "disk_type": "pd-balanced",
                "guest_accelerator": [],
                "image_type": "COS_CONTAINERD",
                "labels": {
                  "env": "lexical-drake-399716"
                },
                "local_ssd_count": 0,
                "machine_type": "n1-standard-2",
                "metadata": {
                  "disable-legacy-endpoints": "true"
                },
                "min_cpu_platform": "",
                "oauth_scopes": [
                  "https://www.googleapis.com/auth/logging.write",
                  "https://www.googleapis.com/auth/monitoring"
                ],
                "preemptible": false,
                "service_account": "default",
                "shielded_instance_config": [
                  {
                    "enable_integrity_monitoring": true,
                    "enable_secure_boot": false
                  }
                ],
                "tags": [
                  "gke-node",
                  "lexical-drake-399716-gke"
                ],
                "taint": [],
                "workload_metadata_config": []
              }
            ],
            "node_count": 2,
            "node_locations": [
              "us-east1-b"
            ],
            "operation": null,
            "project": "lexical-drake-399716",
            "timeouts": null,
            "upgrade_settings": [
              {
                "max_surge": 1,
                "max_unavailable": 0
              }
            ],
            "version": "1.27.3-gke.100"
          },
          "sensitive_attributes": [],
          "private": "eyJlMmJmYjczMC1lY2FhLTExZTYtOGY4OC0zNDM2M2JjN2M0YzAiOnsiY3JlYXRlIjoxODAwMDAwMDAwMDAwLCJkZWxldGUiOjE4MDAwMDAwMDAwMDAsInVwZGF0ZSI6MTgwMDAwMDAwMDAwMH0sInNjaGVtYV92ZXJzaW9uIjoiMSJ9",
          "dependencies": [
            "module.gke.google_container_cluster.primary",
            "module.vpc.google_compute_network.main-vpc",
            "module.vpc.google_compute_subnetwork.private_subnets"
          ]
        }
      ]
    },
    {
      "module": "module.vpc",
      "mode": "managed",
      "type": "google_compute_network",
      "name": "main-vpc",
      "provider": "provider[\"registry.terraform.io/hashicorp/google\"]",
      "instances": [
        {
          "schema_version": 0,
          "attributes": {
            "auto_create_subnetworks": false,
            "delete_default_routes_on_create": false,
            "description": "",
            "gateway_ipv4": "",
            "id": "projects/lexical-drake-399716/global/networks/lexical-drake-399716-vpc",
            "mtu": 0,
            "name": "lexical-drake-399716-vpc",
            "project": "lexical-drake-399716",
            "routing_mode": "REGIONAL",
            "self_link": "https://www.googleapis.com/compute/v1/projects/lexical-drake-399716/global/networks/lexical-drake-399716-vpc",
            "timeouts": null
          },
          "sensitive_attributes": [],
          "private": "eyJlMmJmYjczMC1lY2FhLTExZTYtOGY4OC0zNDM2M2JjN2M0YzAiOnsiY3JlYXRlIjoyNDAwMDAwMDAwMDAsImRlbGV0ZSI6MjQwMDAwMDAwMDAwLCJ1cGRhdGUiOjI0MDAwMDAwMDAwMH19"
        }
      ]
    },
    {
      "module": "module.vpc",
      "mode": "managed",
      "type": "google_compute_subnetwork",
      "name": "private_subnets",
      "provider": "provider[\"registry.terraform.io/hashicorp/google\"]",
      "instances": [
        {
          "index_key": 0,
          "schema_version": 0,
          "attributes": {
            "creation_timestamp": "2023-10-10T14:54:22.836-07:00",
            "description": "",
            "fingerprint": null,
            "gateway_address": "10.0.1.1",
            "id": "projects/lexical-drake-399716/regions/us-east1/subnetworks/private-0-private-subnet",
            "ip_cidr_range": "10.0.1.0/24",
            "log_config": [],
            "name": "private-0-private-subnet",
            "network": "https://www.googleapis.com/compute/v1/projects/lexical-drake-399716/global/networks/lexical-drake-399716-vpc",
            "private_ip_google_access": false,
            "private_ipv6_google_access": "DISABLE_GOOGLE_ACCESS",
            "project": "lexical-drake-399716",
            "region": "us-east1",
            "secondary_ip_range": [],
            "self_link": "https://www.googleapis.com/compute/v1/projects/lexical-drake-399716/regions/us-east1/subnetworks/private-0-private-subnet",
            "timeouts": null
          },
          "sensitive_attributes": [],
          "private": "eyJlMmJmYjczMC1lY2FhLTExZTYtOGY4OC0zNDM2M2JjN2M0YzAiOnsiY3JlYXRlIjozNjAwMDAwMDAwMDAsImRlbGV0ZSI6MzYwMDAwMDAwMDAwLCJ1cGRhdGUiOjM2MDAwMDAwMDAwMH19",
          "dependencies": [
            "module.vpc.google_compute_network.main-vpc"
          ]
        },
        {
          "index_key": 1,
          "schema_version": 0,
          "attributes": {
            "creation_timestamp": "2023-10-10T14:54:23.550-07:00",
            "description": "",
            "fingerprint": null,
            "gateway_address": "10.0.2.1",
            "id": "projects/lexical-drake-399716/regions/us-east1/subnetworks/private-1-private-subnet",
            "ip_cidr_range": "10.0.2.0/24",
            "log_config": [],
            "name": "private-1-private-subnet",
            "network": "https://www.googleapis.com/compute/v1/projects/lexical-drake-399716/global/networks/lexical-drake-399716-vpc",
            "private_ip_google_access": false,
            "private_ipv6_google_access": "DISABLE_GOOGLE_ACCESS",
            "project": "lexical-drake-399716",
            "region": "us-east1",
            "secondary_ip_range": [],
            "self_link": "https://www.googleapis.com/compute/v1/projects/lexical-drake-399716/regions/us-east1/subnetworks/private-1-private-subnet",
            "timeouts": null
          },
          "sensitive_attributes": [],
          "private": "eyJlMmJmYjczMC1lY2FhLTExZTYtOGY4OC0zNDM2M2JjN2M0YzAiOnsiY3JlYXRlIjozNjAwMDAwMDAwMDAsImRlbGV0ZSI6MzYwMDAwMDAwMDAwLCJ1cGRhdGUiOjM2MDAwMDAwMDAwMH19",
          "dependencies": [
            "module.vpc.google_compute_network.main-vpc"
          ]
        },
        {
          "index_key": 2,
          "schema_version": 0,
          "attributes": {
            "creation_timestamp": "2023-10-10T14:54:22.949-07:00",
            "description": "",
            "fingerprint": null,
            "gateway_address": "10.0.3.1",
            "id": "projects/lexical-drake-399716/regions/us-east1/subnetworks/private-2-private-subnet",
            "ip_cidr_range": "10.0.3.0/24",
            "log_config": [],
            "name": "private-2-private-subnet",
            "network": "https://www.googleapis.com/compute/v1/projects/lexical-drake-399716/global/networks/lexical-drake-399716-vpc",
            "private_ip_google_access": false,
            "private_ipv6_google_access": "DISABLE_GOOGLE_ACCESS",
            "project": "lexical-drake-399716",
            "region": "us-east1",
            "secondary_ip_range": [],
            "self_link": "https://www.googleapis.com/compute/v1/projects/lexical-drake-399716/regions/us-east1/subnetworks/private-2-private-subnet",
            "timeouts": null
          },
          "sensitive_attributes": [],
          "private": "eyJlMmJmYjczMC1lY2FhLTExZTYtOGY4OC0zNDM2M2JjN2M0YzAiOnsiY3JlYXRlIjozNjAwMDAwMDAwMDAsImRlbGV0ZSI6MzYwMDAwMDAwMDAwLCJ1cGRhdGUiOjM2MDAwMDAwMDAwMH19",
          "dependencies": [
            "module.vpc.google_compute_network.main-vpc"
          ]
        }
      ]
    },
    {
      "module": "module.vpc",
      "mode": "managed",
      "type": "google_compute_subnetwork",
      "name": "public_subnets",
      "provider": "provider[\"registry.terraform.io/hashicorp/google\"]",
      "instances": [
        {
          "index_key": 0,
          "schema_version": 0,
          "attributes": {
            "creation_timestamp": "2023-10-10T14:54:23.376-07:00",
            "description": "",
            "fingerprint": null,
            "gateway_address": "10.0.4.1",
            "id": "projects/lexical-drake-399716/regions/us-east1/subnetworks/public-0-public-subnet",
            "ip_cidr_range": "10.0.4.0/24",
            "log_config": [],
            "name": "public-0-public-subnet",
            "network": "https://www.googleapis.com/compute/v1/projects/lexical-drake-399716/global/networks/lexical-drake-399716-vpc",
            "private_ip_google_access": false,
            "private_ipv6_google_access": "DISABLE_GOOGLE_ACCESS",
            "project": "lexical-drake-399716",
            "region": "us-east1",
            "secondary_ip_range": [],
            "self_link": "https://www.googleapis.com/compute/v1/projects/lexical-drake-399716/regions/us-east1/subnetworks/public-0-public-subnet",
            "timeouts": null
          },
          "sensitive_attributes": [],
          "private": "eyJlMmJmYjczMC1lY2FhLTExZTYtOGY4OC0zNDM2M2JjN2M0YzAiOnsiY3JlYXRlIjozNjAwMDAwMDAwMDAsImRlbGV0ZSI6MzYwMDAwMDAwMDAwLCJ1cGRhdGUiOjM2MDAwMDAwMDAwMH19",
          "dependencies": [
            "module.vpc.google_compute_network.main-vpc"
          ]
        },
        {
          "index_key": 1,
          "schema_version": 0,
          "attributes": {
            "creation_timestamp": "2023-10-10T14:54:22.936-07:00",
            "description": "",
            "fingerprint": null,
            "gateway_address": "10.0.5.1",
            "id": "projects/lexical-drake-399716/regions/us-east1/subnetworks/public-1-public-subnet",
            "ip_cidr_range": "10.0.5.0/24",
            "log_config": [],
            "name": "public-1-public-subnet",
            "network": "https://www.googleapis.com/compute/v1/projects/lexical-drake-399716/global/networks/lexical-drake-399716-vpc",
            "private_ip_google_access": false,
            "private_ipv6_google_access": "DISABLE_GOOGLE_ACCESS",
            "project": "lexical-drake-399716",
            "region": "us-east1",
            "secondary_ip_range": [],
            "self_link": "https://www.googleapis.com/compute/v1/projects/lexical-drake-399716/regions/us-east1/subnetworks/public-1-public-subnet",
            "timeouts": null
          },
          "sensitive_attributes": [],
          "private": "eyJlMmJmYjczMC1lY2FhLTExZTYtOGY4OC0zNDM2M2JjN2M0YzAiOnsiY3JlYXRlIjozNjAwMDAwMDAwMDAsImRlbGV0ZSI6MzYwMDAwMDAwMDAwLCJ1cGRhdGUiOjM2MDAwMDAwMDAwMH19",
          "dependencies": [
            "module.vpc.google_compute_network.main-vpc"
          ]
        },
        {
          "index_key": 2,
          "schema_version": 0,
          "attributes": {
            "creation_timestamp": "2023-10-10T14:54:23.335-07:00",
            "description": "",
            "fingerprint": null,
            "gateway_address": "10.0.6.1",
            "id": "projects/lexical-drake-399716/regions/us-east1/subnetworks/public-2-public-subnet",
            "ip_cidr_range": "10.0.6.0/24",
            "log_config": [],
            "name": "public-2-public-subnet",
            "network": "https://www.googleapis.com/compute/v1/projects/lexical-drake-399716/global/networks/lexical-drake-399716-vpc",
            "private_ip_google_access": false,
            "private_ipv6_google_access": "DISABLE_GOOGLE_ACCESS",
            "project": "lexical-drake-399716",
            "region": "us-east1",
            "secondary_ip_range": [],
            "self_link": "https://www.googleapis.com/compute/v1/projects/lexical-drake-399716/regions/us-east1/subnetworks/public-2-public-subnet",
            "timeouts": null
          },
          "sensitive_attributes": [],
          "private": "eyJlMmJmYjczMC1lY2FhLTExZTYtOGY4OC0zNDM2M2JjN2M0YzAiOnsiY3JlYXRlIjozNjAwMDAwMDAwMDAsImRlbGV0ZSI6MzYwMDAwMDAwMDAwLCJ1cGRhdGUiOjM2MDAwMDAwMDAwMH19",
          "dependencies": [
            "module.vpc.google_compute_network.main-vpc"
          ]
        }
      ]
    }
  ],
  "check_results": null
}
